# THIS IS AN AUTOGENERATED FILE. DO NOT EDIT THIS FILE DIRECTLY.
# yarn lockfile v1


google-protobuf@^3.6.1:
  version "3.6.1"
  resolved "https://registry.yarnpkg.com/google-protobuf/-/google-protobuf-3.6.1.tgz#7ef58e2bea137a93cdaf5cfd5afa5f6abdd92025"

grpc-web@^1.0.2:
  version "1.0.2"
  resolved "https://registry.yarnpkg.com/grpc-web/-/grpc-web-1.0.2.tgz#581f323443057e9269eb583161461ec5ebdb5be5"
